# This file is automatically @generated by Wally.
# It is not intended for manual editing.
registry = "test"

[[package]]
name = "chipioindustries/dragon-game"
version = "0.1.0"
dependencies = [["Flipper", "reselim/flipper@2.0.0"], ["LeakyBucket", "chipioindustries/leaky-bucket@1.0.1"], ["Llama", "chipioindustries/llama@1.2.4"], ["Maid", "flamenco687/maid@3.2.2"], ["Promise", "evaera/promise@4.0.0"], ["Remotes", "chipioindustries/remotes@1.0.1"], ["ReplicationMiddleware", "chipioindustries/replication-middleware@1.0.0"], ["Roact", "roblox/roact@1.4.2"], ["RoactRodux", "chipioindustries/roact-rodux@1.0.4"], ["Rodux", "chipioindustries/rodux@3.0.4"], ["Signal", "chipioindustries/signal@1.1.1"], ["Timer", "sleitnick/timer@1.1.1"]]

[[package]]
name = "chipioindustries/leaky-bucket"
version = "1.0.1"
dependencies = [["Llama", "freddylist/llama@1.1.1"], ["Signal", "chipioindustries/signal@1.1.1"]]

[[package]]
name = "chipioindustries/llama"
version = "1.2.4"
dependencies = []

[[package]]
name = "chipioindustries/rapscallion"
version = "1.0.4"
dependencies = [["Llama", "freddylist/llama@1.1.1"]]

[[package]]
name = "chipioindustries/remotes"
version = "1.0.1"
dependencies = [["Llama", "freddylist/llama@1.1.1"], ["Rapscallion", "chipioindustries/rapscallion@1.0.4"], ["Signal", "chipioindustries/signal@1.1.1"]]

[[package]]
name = "chipioindustries/replication-middleware"
version = "1.0.0"
dependencies = [["Llama", "freddylist/llama@1.1.1"], ["Remotes", "chipioindustries/remotes@1.0.1"], ["Rodux", "chipioindustries/rodux@3.0.4"]]

[[package]]
name = "chipioindustries/roact-rodux"
version = "1.0.4"
dependencies = [["Roact", "roblox/roact@1.4.2"], ["Rodux", "roblox/rodux@3.0.0"]]

[[package]]
name = "chipioindustries/rodux"
version = "3.0.4"
dependencies = []

[[package]]
name = "chipioindustries/signal"
version = "1.1.1"
dependencies = []

[[package]]
name = "evaera/promise"
version = "4.0.0"
dependencies = []

[[package]]
name = "flamenco687/maid"
version = "3.2.2"
dependencies = []

[[package]]
name = "freddylist/llama"
version = "1.1.1"
dependencies = []

[[package]]
name = "reselim/flipper"
version = "2.0.0"
dependencies = []

[[package]]
name = "roblox/roact"
version = "1.4.2"
dependencies = []

[[package]]
name = "roblox/rodux"
version = "3.0.0"
dependencies = []

[[package]]
name = "roblox/testez"
version = "0.4.1"
dependencies = []

[[package]]
name = "sleitnick/signal"
version = "1.2.0"
dependencies = []

[[package]]
name = "sleitnick/timer"
version = "1.1.1"
dependencies = [["Signal", "sleitnick/signal@1.2.0"]]
